
Microsoft Visual Studio Solution File, Format Version 12.00
# Visual Studio Version 17
VisualStudioVersion = 17.7.34003.232
MinimumVisualStudioVersion = 10.0.40219.1
Project("{FAE04EC0-301F-11D3-BF4B-00C04F79EFBC}") = "BL", "BL\BL.csproj", "{19A2E13D-A841-4DFF-96EB-B2895565211D}"
EndProject
Project("{00D1A9C2-B5F0-4AF3-8072-F6C62B433612}") = "DBQuickStartAdmin", "DBQuickStartAdmin\DBQuickStartAdmin.sqlproj", "{84B25899-DCE2-4501-9A12-85AD55908DE4}"
EndProject
Project("{FAE04EC0-301F-11D3-BF4B-00C04F79EFBC}") = "BLGeneral", "BLGeneral\BLGeneral.csproj", "{7B0C8085-8F86-42B5-A5B0-FC1FB9B36313}"
EndProject
Project("{FAE04EC0-301F-11D3-BF4B-00C04F79EFBC}") = "QuickStartAdmin", "QuickStartAdmin\QuickStartAdmin.csproj", "{D18BC1E3-E888-4E40-98FA-2C9088BE2329}"
EndProject
Global
	GlobalSection(SolutionConfigurationPlatforms) = preSolution
		Debug|Any CPU = Debug|Any CPU
		Release|Any CPU = Release|Any CPU
	EndGlobalSection
	GlobalSection(ProjectConfigurationPlatforms) = postSolution
		{19A2E13D-A841-4DFF-96EB-B2895565211D}.Debug|Any CPU.ActiveCfg = Debug|Any CPU
		{19A2E13D-A841-4DFF-96EB-B2895565211D}.Debug|Any CPU.Build.0 = Debug|Any CPU
		{19A2E13D-A841-4DFF-96EB-B2895565211D}.Release|Any CPU.ActiveCfg = Release|Any CPU
		{19A2E13D-A841-4DFF-96EB-B2895565211D}.Release|Any CPU.Build.0 = Release|Any CPU
		{84B25899-DCE2-4501-9A12-85AD55908DE4}.Debug|Any CPU.ActiveCfg = Debug|Any CPU
		{84B25899-DCE2-4501-9A12-85AD55908DE4}.Debug|Any CPU.Build.0 = Debug|Any CPU
		{84B25899-DCE2-4501-9A12-85AD55908DE4}.Debug|Any CPU.Deploy.0 = Debug|Any CPU
		{84B25899-DCE2-4501-9A12-85AD55908DE4}.Release|Any CPU.ActiveCfg = Release|Any CPU
		{84B25899-DCE2-4501-9A12-85AD55908DE4}.Release|Any CPU.Build.0 = Release|Any CPU
		{84B25899-DCE2-4501-9A12-85AD55908DE4}.Release|Any CPU.Deploy.0 = Release|Any CPU
		{7B0C8085-8F86-42B5-A5B0-FC1FB9B36313}.Debug|Any CPU.ActiveCfg = Debug|Any CPU
		{7B0C8085-8F86-42B5-A5B0-FC1FB9B36313}.Debug|Any CPU.Build.0 = Debug|Any CPU
		{7B0C8085-8F86-42B5-A5B0-FC1FB9B36313}.Release|Any CPU.ActiveCfg = Release|Any CPU
		{7B0C8085-8F86-42B5-A5B0-FC1FB9B36313}.Release|Any CPU.Build.0 = Release|Any CPU
		{D18BC1E3-E888-4E40-98FA-2C9088BE2329}.Debug|Any CPU.ActiveCfg = Debug|Any CPU
		{D18BC1E3-E888-4E40-98FA-2C9088BE2329}.Debug|Any CPU.Build.0 = Debug|Any CPU
		{D18BC1E3-E888-4E40-98FA-2C9088BE2329}.Release|Any CPU.ActiveCfg = Release|Any CPU
		{D18BC1E3-E888-4E40-98FA-2C9088BE2329}.Release|Any CPU.Build.0 = Release|Any CPU
	EndGlobalSection
	GlobalSection(SolutionProperties) = preSolution
		HideSolutionNode = FALSE
	EndGlobalSection
	GlobalSection(ExtensibilityGlobals) = postSolution
		SolutionGuid = {10EDF5DD-E965-4992-8765-314E6F1E2BF0}
	EndGlobalSection
EndGlobal
